PODS:
  - AFNetworking (3.2.1):
    - AFNetworking/NSURLSession (= 3.2.1)
    - AFNetworking/Reachability (= 3.2.1)
    - AFNetworking/Security (= 3.2.1)
    - AFNetworking/Serialization (= 3.2.1)
    - AFNetworking/UIKit (= 3.2.1)
  - AFNetworking/NSURLSession (3.2.1):
    - AFNetworking/Reachability
    - AFNetworking/Security
    - AFNetworking/Serialization
  - AFNetworking/Reachability (3.2.1)
  - AFNetworking/Security (3.2.1)
  - AFNetworking/Serialization (3.2.1)
  - AFNetworking/UIKit (3.2.1):
    - AFNetworking/NSURLSession
  - iOSCompanySDK (1.0.0):
    - iOSCompanySDK/CreativeWallpapers (= 1.0.0)
    - iOSCompanySDK/NewWallpapersFull (= 1.0.0)
  - iOSCompanySDK/CreativeWallpapers (1.0.0):
    - AFNetworking
  - iOSCompanySDK/NewWallpapersFull (1.0.0):
    - AFNetworking

DEPENDENCIES:
  - iOSCompanySDK (from `../`)

SPEC REPOS:
  https://github.com/cocoapods/specs.git:
    - AFNetworking

EXTERNAL SOURCES:
  iOSCompanySDK:
    :path: "../"

SPEC CHECKSUMS:
  AFNetworking: b6f891fdfaed196b46c7a83cf209e09697b94057
  iOSCompanySDK: 547a27f5fce9ef178f9bf8fc2dd670b3c89238a0

PODFILE CHECKSUM: 22add7f03cd124e3b191c85d05542205e5237e1f

COCOAPODS: 1.7.0.beta.3
