PODS:
  - AFNetworking (3.2.1):
    - AFNetworking/NSURLSession (= 3.2.1)
    - AFNetworking/Reachability (= 3.2.1)
    - AFNetworking/Security (= 3.2.1)
    - AFNetworking/Serialization (= 3.2.1)
    - AFNetworking/UIKit (= 3.2.1)
  - AFNetworking/NSURLSession (3.2.1):
    - AFNetworking/Reachability
    - AFNetworking/Security
    - AFNetworking/Serialization
  - AFNetworking/Reachability (3.2.1)
  - AFNetworking/Security (3.2.1)
  - AFNetworking/Serialization (3.2.1)
  - AFNetworking/UIKit (3.2.1):
    - AFNetworking/NSURLSession
  - iOSCompanySDK (1.0.3):
    - iOSCompanySDK/CreativeWallpapers (= 1.0.3)
    - iOSCompanySDK/NewPhotoTranslation (= 1.0.3)
    - iOSCompanySDK/NewWallpapersFull (= 1.0.3)
    - iOSCompanySDK/VideoPlayerClip (= 1.0.3)
  - iOSCompanySDK/CreativeWallpapers (1.0.3):
    - AFNetworking
  - iOSCompanySDK/NewPhotoTranslation (1.0.3):
    - AFNetworking
  - iOSCompanySDK/NewWallpapersFull (1.0.3):
    - AFNetworking
  - iOSCompanySDK/VideoPlayerClip (1.0.3):
    - SJBaseVideoPlayer
  - Masonry (1.1.0)
  - Reachability (3.2)
  - SJBaseVideoPlayer (3.1.8):
    - Masonry
    - Reachability
    - SJBaseVideoPlayer/AVPlayer (= 3.1.8)
    - SJBaseVideoPlayer/Common (= 3.1.8)
    - SJUIKit/AttributesFactory (>= 0.0.0.38)
    - SJUIKit/ObserverHelper (>= 0.0.0.38)
    - SJUIKit/Queues (>= 0.0.0.38)
  - SJBaseVideoPlayer/AVPlayer (3.1.8):
    - Masonry
    - Reachability
    - SJBaseVideoPlayer/Common
    - SJUIKit/AttributesFactory (>= 0.0.0.38)
    - SJUIKit/ObserverHelper (>= 0.0.0.38)
    - SJUIKit/Queues (>= 0.0.0.38)
  - SJBaseVideoPlayer/Common (3.1.8):
    - Masonry
    - Reachability
    - SJBaseVideoPlayer/ResourceLoader
    - SJUIKit/AttributesFactory (>= 0.0.0.38)
    - SJUIKit/ObserverHelper (>= 0.0.0.38)
    - SJUIKit/Queues (>= 0.0.0.38)
  - SJBaseVideoPlayer/ResourceLoader (3.1.8):
    - Masonry
    - Reachability
    - SJUIKit/AttributesFactory (>= 0.0.0.38)
    - SJUIKit/ObserverHelper (>= 0.0.0.38)
    - SJUIKit/Queues (>= 0.0.0.38)
  - SJUIKit/AttributesFactory (0.0.0.39):
    - SJUIKit/AttributesFactory/Deprecated (= 0.0.0.39)
    - SJUIKit/AttributesFactory/UIKitText (= 0.0.0.39)
  - SJUIKit/AttributesFactory/Deprecated (0.0.0.39)
  - SJUIKit/AttributesFactory/UIKitText (0.0.0.39)
  - SJUIKit/ObserverHelper (0.0.0.39)
  - SJUIKit/Queues (0.0.0.39)

DEPENDENCIES:
  - iOSCompanySDK (from `../`)

SPEC REPOS:
  https://github.com/cocoapods/specs.git:
    - AFNetworking
    - Masonry
    - Reachability
    - SJBaseVideoPlayer
    - SJUIKit

EXTERNAL SOURCES:
  iOSCompanySDK:
    :path: "../"

SPEC CHECKSUMS:
  AFNetworking: b6f891fdfaed196b46c7a83cf209e09697b94057
  iOSCompanySDK: 1f355f7bb68864954aa3ab34c3461b3082434611
  Masonry: 678fab65091a9290e40e2832a55e7ab731aad201
  Reachability: 33e18b67625424e47b6cde6d202dce689ad7af96
  SJBaseVideoPlayer: 7c3d6d0e8c9cbd731143d2ddb53a2157e74479de
  SJUIKit: 5479a150083e606937a796801ecaae6317e046f5

PODFILE CHECKSUM: 22add7f03cd124e3b191c85d05542205e5237e1f

COCOAPODS: 1.7.5
