PODS:
  - AFNetworking (4.0.1):
    - AFNetworking/NSURLSession (= 4.0.1)
    - AFNetworking/Reachability (= 4.0.1)
    - AFNetworking/Security (= 4.0.1)
    - AFNetworking/Serialization (= 4.0.1)
    - AFNetworking/UIKit (= 4.0.1)
  - AFNetworking/NSURLSession (4.0.1):
    - AFNetworking/Reachability
    - AFNetworking/Security
    - AFNetworking/Serialization
  - AFNetworking/Reachability (4.0.1)
  - AFNetworking/Security (4.0.1)
  - AFNetworking/Serialization (4.0.1)
  - AFNetworking/UIKit (4.0.1):
    - AFNetworking/NSURLSession
  - iOSCompanySDK (1.0.3):
    - iOSCompanySDK/AVAnimationSDK (= 1.0.3)
    - iOSCompanySDK/BetteryAnimationSDK (= 1.0.3)
    - iOSCompanySDK/CreativeWallpapers (= 1.0.3)
    - iOSCompanySDK/NewPhotoTranslation (= 1.0.3)
    - iOSCompanySDK/NewWallpapersFull (= 1.0.3)
    - iOSCompanySDK/RemoteControl (= 1.0.3)
    - iOSCompanySDK/VideoPlayerClip (= 1.0.3)
    - iOSCompanySDK/VoiceRecoder (= 1.0.3)
  - iOSCompanySDK/AVAnimationSDK (1.0.3)
  - iOSCompanySDK/BetteryAnimationSDK (1.0.3):
    - AFNetworking (= 4.0.1)
  - iOSCompanySDK/CreativeWallpapers (1.0.3):
    - AFNetworking
  - iOSCompanySDK/NewPhotoTranslation (1.0.3):
    - AFNetworking
  - iOSCompanySDK/NewWallpapersFull (1.0.3):
    - AFNetworking (= 4.0.1)
  - iOSCompanySDK/RemoteControl (1.0.3):
    - AFNetworking (= 4.0.1)
  - iOSCompanySDK/VideoPlayerClip (1.0.3):
    - AFNetworking (= 4.0.1)
  - iOSCompanySDK/VoiceRecoder (1.0.3):
    - AFNetworking (= 4.0.1)

DEPENDENCIES:
  - iOSCompanySDK (from `../`)

SPEC REPOS:
  trunk:
    - AFNetworking

EXTERNAL SOURCES:
  iOSCompanySDK:
    :path: "../"

SPEC CHECKSUMS:
  AFNetworking: 7864c38297c79aaca1500c33288e429c3451fdce
  iOSCompanySDK: feb35850346f85f63ee514f45c14c048ad9d4257

PODFILE CHECKSUM: 4112ca62c4c2a491a085b220390829773d616877

COCOAPODS: 1.9.1
